github.com/aws/aws-sdk-go-v2 v1.40.1 h1:difXb4maDZkRH0x//Qkwcfpdg1XQVXEAEs2DdXldFFc=
github.com/aws/aws-sdk-go-v2 v1.40.1/go.mod h1:MayyLB8y+buD9hZqkCW3kX1AKq07Y5pXxtgB+rRFhz0=
github.com/aws/aws-sdk-go-v2/config v1.31.15 h1:gE3M4xuNXfC/9bG4hyowGm/35uQTi7bUKeYs5e/6uvU=
github.com/aws/aws-sdk-go-v2/config v1.31.15/go.mod h1:HvnvGJoE2I95KAIW8kkWVPJ4XhdrlvwJpV6pEzFQa8o=
github.com/aws/aws-sdk-go-v2/credentials v1.18.19 h1:Jc1zzwkSY1QbkEcLujwqRTXOdvW8ppND3jRBb/VhBQc=
github.com/aws/aws-sdk-go-v2/credentials v1.18.19/go.mod h1:DIfQ9fAk5H0pGtnqfqkbSIzky82qYnGvh06ASQXXg6A=
github.com/aws/aws-sdk-go-v2/feature/ec2/imds v1.18.11 h1:X7X4YKb+c0rkI6d4uJ5tEMxXgCZ+jZ/D6mvkno8c8Uw=
github.com/aws/aws-sdk-go-v2/feature/ec2/imds v1.18.11/go.mod h1:EqM6vPZQsZHYvC4Cai35UDg/f5NCEU+vp0WfbVqVcZc=
github.com/aws/aws-sdk-go-v2/internal/configsources v1.4.15 h1:Y5YXgygXwDI5P4RkteB5yF7v35neH7LfJKBG+hzIons=
github.com/aws/aws-sdk-go-v2/internal/configsources v1.4.15/go.mod h1:K+/1EpG42dFSY7CBj+Fruzm8PsCGWTXJ3jdeJ659oGQ=
github.com/aws/aws-sdk-go-v2/internal/endpoints/v2 v2.7.15 h1:AvltKnW9ewxX2hFmQS0FyJH93aSvJVUEFvXfU+HWtSE=
github.com/aws/aws-sdk-go-v2/internal/endpoints/v2 v2.7.15/go.mod h1:3I4oCdZdmgrREhU74qS1dK9yZ62yumob+58AbFR4cQA=
github.com/aws/aws-sdk-go-v2/internal/ini v1.8.4 h1:WKuaxf++XKWlHWu9ECbMlha8WOEGm0OUEZqm4K/Gcfk=
github.com/aws/aws-sdk-go-v2/internal/ini v1.8.4/go.mod h1:ZWy7j6v1vWGmPReu0iSGvRiise4YI5SkR3OHKTZ6Wuc=
github.com/aws/aws-sdk-go-v2/service/ec2 v1.258.1 h1:D8cBaI1TsIF+cbB8qPmiZWsMqGsbs1/e7qYQ0NMDscY=
github.com/aws/aws-sdk-go-v2/service/ec2 v1.258.1/go.mod h1:DT0XByGaNaOff3CtLVmj3jKcMeVDfOj5DkLD39UPJY0=
github.com/aws/aws-sdk-go-v2/service/internal/accept-encoding v1.13.4 h1:0ryTNEdJbzUCEWkVXEXoqlXV72J5keC1GvILMOuD00E=
github.com/aws/aws-sdk-go-v2/service/internal/accept-encoding v1.13.4/go.mod h1:HQ4qwNZh32C3CBeO6iJLQlgtMzqeG17ziAA/3KDJFow=
github.com/aws/aws-sdk-go-v2/service/internal/presigned-url v1.13.15 h1:3/u/4yZOffg5jdNk1sDpOQ4Y+R6Xbh+GzpDrSZjuy3U=
github.com/aws/aws-sdk-go-v2/service/internal/presigned-url v1.13.15/go.mod h1:4Zkjq0FKjE78NKjabuM4tRXKFzUJWXgP0ItEZK8l7JU=
github.com/aws/aws-sdk-go-v2/service/sso v1.29.8 h1:M5nimZmugcZUO9wG7iVtROxPhiqyZX6ejS1lxlDPbTU=
github.com/aws/aws-sdk-go-v2/service/sso v1.29.8/go.mod h1:mbef/pgKhtKRwrigPPs7SSSKZgytzP8PQ6P6JAAdqyM=
github.com/aws/aws-sdk-go-v2/service/ssooidc v1.35.3 h1:S5GuJZpYxE0lKeMHKn+BRTz6PTFpgThyJ+5mYfux7BM=
github.com/aws/aws-sdk-go-v2/service/ssooidc v1.35.3/go.mod h1:X4OF+BTd7HIb3L+tc4UlWHVrpgwZZIVENU15pRDVTI0=
github.com/aws/aws-sdk-go-v2/service/sts v1.41.3 h1:tzMkjh0yTChUqJDgGkcDdxvZDSrJ/WB6R6ymI5ehqJI=
github.com/aws/aws-sdk-go-v2/service/sts v1.41.3/go.mod h1:T270C0R5sZNLbWUe8ueiAF42XSZxxPocTaGSgs5c/60=
github.com/aws/smithy-go v1.24.0 h1:LpilSUItNPFr1eY85RYgTIg5eIEPtvFbskaFcmmIUnk=
github.com/aws/smithy-go v1.24.0/go.mod h1:LEj2LM3rBRQJxPZTB4KuzZkaZYnZPnvgIhb4pu07mx0=
github.com/bevelwork/quick_color v1.2.20251008 h1:b9u/UrJS8XogPy4GqoM4EzxNLt28GGSYivZhfMihQZU=
github.com/bevelwork/quick_color v1.2.20251008/go.mod h1:KfPPljPczUtNeZRj8PyLDt5jYfI6y8DAY5MW7xR0Rcs=
gopkg.in/check.v1 v0.0.0-20161208181325-20d25e280405 h1:yhCVgyC4o1eVCa2tZl7eS0r+SDo693bJlVdllGtEeKM=
gopkg.in/check.v1 v0.0.0-20161208181325-20d25e280405/go.mod h1:Co6ibVJAznAaIkqp8huTwlJQCZ016jof/cbN4VW5Yz0=
gopkg.in/yaml.v3 v3.0.1 h1:fxVm/GzAzEWqLHuvctI91KS9hhNmmWOoWu0XTYJS7CA=
gopkg.in/yaml.v3 v3.0.1/go.mod h1:K4uyk7z7BCEPqu6E+C64Yfv1cQ7kz7rIZviUmN+EgEM=
